
Microsoft Visual Studio Solution File, Format Version 12.00
# Visual Studio 15
VisualStudioVersion = 15.0.27703.2026
MinimumVisualStudioVersion = 10.0.40219.1
Project("{FAE04EC0-301F-11D3-BF4B-00C04F79EFBC}") = "Ef.Project", "Ef.Project\Ef.Project.csproj", "{A7FE606D-EE66-45F7-A6F0-110E9D510594}"
EndProject
Global
	GlobalSection(SolutionConfigurationPlatforms) = preSolution
		Debug|Any CPU = Debug|Any CPU
		Release|Any CPU = Release|Any CPU
	EndGlobalSection
	GlobalSection(ProjectConfigurationPlatforms) = postSolution
		{A7FE606D-EE66-45F7-A6F0-110E9D510594}.Debug|Any CPU.ActiveCfg = Debug|Any CPU
		{A7FE606D-EE66-45F7-A6F0-110E9D510594}.Debug|Any CPU.Build.0 = Debug|Any CPU
		{A7FE606D-EE66-45F7-A6F0-110E9D510594}.Release|Any CPU.ActiveCfg = Release|Any CPU
		{A7FE606D-EE66-45F7-A6F0-110E9D510594}.Release|Any CPU.Build.0 = Release|Any CPU
	EndGlobalSection
	GlobalSection(SolutionProperties) = preSolution
		HideSolutionNode = FALSE
	EndGlobalSection
	GlobalSection(ExtensibilityGlobals) = postSolution
		SolutionGuid = {3440D648-366F-498A-9EA4-9BD421B7B268}
	EndGlobalSection
EndGlobal
